// !$*UTF8*$!
{
	archiveVersion = 1;
	classes = {
	};
	objectVersion = 51;
	objects = {

/* Begin PBXBuildFile section */
		4E02F84526C1EEF5001D1F9D /* AppDelegate.swift in Sources */ = {isa = PBXBuildFile; fileRef = 4E02F84426C1EEF5001D1F9D /* AppDelegate.swift */; };
		4E02F84726C1EEF5001D1F9D /* SceneDelegate.swift in Sources */ = {isa = PBXBuildFile; fileRef = 4E02F84626C1EEF5001D1F9D /* SceneDelegate.swift */; };
		4E02F84A26C1EEF5001D1F9D /* CoronaStatus.xcdatamodeld in Sources */ = {isa = PBXBuildFile; fileRef = 4E02F84826C1EEF5001D1F9D /* CoronaStatus.xcdatamodeld */; };
		4E02F84C26C1EEF5001D1F9D /* ContentView.swift in Sources */ = {isa = PBXBuildFile; fileRef = 4E02F84B26C1EEF5001D1F9D /* ContentView.swift */; };
		4E02F84E26C1EEF7001D1F9D /* Assets.xcassets in Resources */ = {isa = PBXBuildFile; fileRef = 4E02F84D26C1EEF7001D1F9D /* Assets.xcassets */; };
		4E02F85126C1EEF7001D1F9D /* Preview Assets.xcassets in Resources */ = {isa = PBXBuildFile; fileRef = 4E02F85026C1EEF7001D1F9D /* Preview Assets.xcassets */; };
		4E02F85426C1EEF7001D1F9D /* LaunchScreen.storyboard in Resources */ = {isa = PBXBuildFile; fileRef = 4E02F85226C1EEF7001D1F9D /* LaunchScreen.storyboard */; };
		4E02F85C26C1F331001D1F9D /* CovidFetchRequest.swift in Sources */ = {isa = PBXBuildFile; fileRef = 4E02F85B26C1F331001D1F9D /* CovidFetchRequest.swift */; };
		4E02F85E26C1F904001D1F9D /* Model.swift in Sources */ = {isa = PBXBuildFile; fileRef = 4E02F85D26C1F904001D1F9D /* Model.swift */; };
		4E02F86126C2DB3A001D1F9D /* RecentView.swift in Sources */ = {isa = PBXBuildFile; fileRef = 4E02F86026C2DB3A001D1F9D /* RecentView.swift */; };
		4E02F8A226C2F95F001D1F9D /* ListHeaderView.swift in Sources */ = {isa = PBXBuildFile; fileRef = 4E02F8A126C2F95F001D1F9D /* ListHeaderView.swift */; };
		4E02F8A426C30E1F001D1F9D /* CountryDataRowView.swift in Sources */ = {isa = PBXBuildFile; fileRef = 4E02F8A326C30E1F001D1F9D /* CountryDataRowView.swift */; };
		4E02F8A626C3131E001D1F9D /* Extension.swift in Sources */ = {isa = PBXBuildFile; fileRef = 4E02F8A526C3131E001D1F9D /* Extension.swift */; };
		4E02F8AA26C31D9A001D1F9D /* TotalDataCard.swift in Sources */ = {isa = PBXBuildFile; fileRef = 4E02F8A926C31D9A001D1F9D /* TotalDataCard.swift */; };
		4E02F8AC26C32B08001D1F9D /* TotalDataView.swift in Sources */ = {isa = PBXBuildFile; fileRef = 4E02F8AB26C32B08001D1F9D /* TotalDataView.swift */; };
		DC3985FC2F7C21D0C74347D4 /* Pods_CoronaStatus.framework in Frameworks */ = {isa = PBXBuildFile; fileRef = 2804D92B6D68B08436D52AF5 /* Pods_CoronaStatus.framework */; };
/* End PBXBuildFile section */

/* Begin PBXFileReference section */
		2804D92B6D68B08436D52AF5 /* Pods_CoronaStatus.framework */ = {isa = PBXFileReference; explicitFileType = wrapper.framework; includeInIndex = 0; path = Pods_CoronaStatus.framework; sourceTree = BUILT_PRODUCTS_DIR; };
		4E02F84126C1EEF5001D1F9D /* CoronaStatus.app */ = {isa = PBXFileReference; explicitFileType = wrapper.application; includeInIndex = 0; path = CoronaStatus.app; sourceTree = BUILT_PRODUCTS_DIR; };
		4E02F84426C1EEF5001D1F9D /* AppDelegate.swift */ = {isa = PBXFileReference; lastKnownFileType = sourcecode.swift; path = AppDelegate.swift; sourceTree = "<group>"; };
		4E02F84626C1EEF5001D1F9D /* SceneDelegate.swift */ = {isa = PBXFileReference; lastKnownFileType = sourcecode.swift; path = SceneDelegate.swift; sourceTree = "<group>"; };
		4E02F84926C1EEF5001D1F9D /* CoronaStatus.xcdatamodel */ = {isa = PBXFileReference; lastKnownFileType = wrapper.xcdatamodel; path = CoronaStatus.xcdatamodel; sourceTree = "<group>"; };
		4E02F84B26C1EEF5001D1F9D /* ContentView.swift */ = {isa = PBXFileReference; lastKnownFileType = sourcecode.swift; path = ContentView.swift; sourceTree = "<group>"; };
		4E02F84D26C1EEF7001D1F9D /* Assets.xcassets */ = {isa = PBXFileReference; lastKnownFileType = folder.assetcatalog; path = Assets.xcassets; sourceTree = "<group>"; };
		4E02F85026C1EEF7001D1F9D /* Preview Assets.xcassets */ = {isa = PBXFileReference; lastKnownFileType = folder.assetcatalog; path = "Preview Assets.xcassets"; sourceTree = "<group>"; };
		4E02F85326C1EEF7001D1F9D /* Base */ = {isa = PBXFileReference; lastKnownFileType = file.storyboard; name = Base; path = Base.lproj/LaunchScreen.storyboard; sourceTree = "<group>"; };
		4E02F85526C1EEF7001D1F9D /* Info.plist */ = {isa = PBXFileReference; lastKnownFileType = text.plist.xml; path = Info.plist; sourceTree = "<group>"; };
		4E02F85B26C1F331001D1F9D /* CovidFetchRequest.swift */ = {isa = PBXFileReference; lastKnownFileType = sourcecode.swift; path = CovidFetchRequest.swift; sourceTree = "<group>"; };
		4E02F85D26C1F904001D1F9D /* Model.swift */ = {isa = PBXFileReference; lastKnownFileType = sourcecode.swift; path = Model.swift; sourceTree = "<group>"; };
		4E02F86026C2DB3A001D1F9D /* RecentView.swift */ = {isa = PBXFileReference; lastKnownFileType = sourcecode.swift; path = RecentView.swift; sourceTree = "<group>"; };
		4E02F8A126C2F95F001D1F9D /* ListHeaderView.swift */ = {isa = PBXFileReference; lastKnownFileType = sourcecode.swift; path = ListHeaderView.swift; sourceTree = "<group>"; };
		4E02F8A326C30E1F001D1F9D /* CountryDataRowView.swift */ = {isa = PBXFileReference; lastKnownFileType = sourcecode.swift; path = CountryDataRowView.swift; sourceTree = "<group>"; };
		4E02F8A526C3131E001D1F9D /* Extension.swift */ = {isa = PBXFileReference; lastKnownFileType = sourcecode.swift; path = Extension.swift; sourceTree = "<group>"; };
		4E02F8A926C31D9A001D1F9D /* TotalDataCard.swift */ = {isa = PBXFileReference; lastKnownFileType = sourcecode.swift; path = TotalDataCard.swift; sourceTree = "<group>"; };
		4E02F8AB26C32B08001D1F9D /* TotalDataView.swift */ = {isa = PBXFileReference; lastKnownFileType = sourcecode.swift; path = TotalDataView.swift; sourceTree = "<group>"; };
		87B30017BBFB03684AC732C9 /* Pods-CoronaStatus.debug.xcconfig */ = {isa = PBXFileReference; includeInIndex = 1; lastKnownFileType = text.xcconfig; name = "Pods-CoronaStatus.debug.xcconfig"; path = "Target Support Files/Pods-CoronaStatus/Pods-CoronaStatus.debug.xcconfig"; sourceTree = "<group>"; };
		E0696C5905247EAFF4BFA7BC /* Pods-CoronaStatus.release.xcconfig */ = {isa = PBXFileReference; includeInIndex = 1; lastKnownFileType = text.xcconfig; name = "Pods-CoronaStatus.release.xcconfig"; path = "Target Support Files/Pods-CoronaStatus/Pods-CoronaStatus.release.xcconfig"; sourceTree = "<group>"; };
/* End PBXFileReference section */

/* Begin PBXFrameworksBuildPhase section */
		4E02F83E26C1EEF5001D1F9D /* Frameworks */ = {
			isa = PBXFrameworksBuildPhase;
			buildActionMask = 2147483647;
			files = (
				DC3985FC2F7C21D0C74347D4 /* Pods_CoronaStatus.framework in Frameworks */,
			);
			runOnlyForDeploymentPostprocessing = 0;
		};
/* End PBXFrameworksBuildPhase section */

/* Begin PBXGroup section */
		4E02F83826C1EEF5001D1F9D = {
			isa = PBXGroup;
			children = (
				4E02F84326C1EEF5001D1F9D /* CoronaStatus */,
				4E02F84226C1EEF5001D1F9D /* Products */,
				CC3D9DFCEEED6EC02896C8A3 /* Pods */,
				F19FA0519DEAE3D07DFD08BC /* Frameworks */,
			);
			sourceTree = "<group>";
		};
		4E02F84226C1EEF5001D1F9D /* Products */ = {
			isa = PBXGroup;
			children = (
				4E02F84126C1EEF5001D1F9D /* CoronaStatus.app */,
			);
			name = Products;
			sourceTree = "<group>";
		};
		4E02F84326C1EEF5001D1F9D /* CoronaStatus */ = {
			isa = PBXGroup;
			children = (
				4E02F84426C1EEF5001D1F9D /* AppDelegate.swift */,
				4E02F84626C1EEF5001D1F9D /* SceneDelegate.swift */,
				4E02F84B26C1EEF5001D1F9D /* ContentView.swift */,
				4E02F86026C2DB3A001D1F9D /* RecentView.swift */,
				4E02F8A826C31D22001D1F9D /* Views */,
				4E02F8A726C31D02001D1F9D /* Extensions */,
				4E02F85F26C2DAFC001D1F9D /* Model */,
				4E02F84D26C1EEF7001D1F9D /* Assets.xcassets */,
				4E02F85226C1EEF7001D1F9D /* LaunchScreen.storyboard */,
				4E02F85526C1EEF7001D1F9D /* Info.plist */,
				4E02F84826C1EEF5001D1F9D /* CoronaStatus.xcdatamodeld */,
				4E02F84F26C1EEF7001D1F9D /* Preview Content */,
			);
			path = CoronaStatus;
			sourceTree = "<group>";
		};
		4E02F84F26C1EEF7001D1F9D /* Preview Content */ = {
			isa = PBXGroup;
			children = (
				4E02F85026C1EEF7001D1F9D /* Preview Assets.xcassets */,
			);
			path = "Preview Content";
			sourceTree = "<group>";
		};
		4E02F85F26C2DAFC001D1F9D /* Model */ = {
			isa = PBXGroup;
			children = (
				4E02F85B26C1F331001D1F9D /* CovidFetchRequest.swift */,
				4E02F85D26C1F904001D1F9D /* Model.swift */,
			);
			path = Model;
			sourceTree = "<group>";
		};
		4E02F8A726C31D02001D1F9D /* Extensions */ = {
			isa = PBXGroup;
			children = (
				4E02F8A526C3131E001D1F9D /* Extension.swift */,
			);
			path = Extensions;
			sourceTree = "<group>";
		};
		4E02F8A826C31D22001D1F9D /* Views */ = {
			isa = PBXGroup;
			children = (
				4E02F8A126C2F95F001D1F9D /* ListHeaderView.swift */,
				4E02F8A326C30E1F001D1F9D /* CountryDataRowView.swift */,
				4E02F8A926C31D9A001D1F9D /* TotalDataCard.swift */,
				4E02F8AB26C32B08001D1F9D /* TotalDataView.swift */,
			);
			path = Views;
			sourceTree = "<group>";
		};
		CC3D9DFCEEED6EC02896C8A3 /* Pods */ = {
			isa = PBXGroup;
			children = (
				87B30017BBFB03684AC732C9 /* Pods-CoronaStatus.debug.xcconfig */,
				E0696C5905247EAFF4BFA7BC /* Pods-CoronaStatus.release.xcconfig */,
			);
			path = Pods;
			sourceTree = "<group>";
		};
		F19FA0519DEAE3D07DFD08BC /* Frameworks */ = {
			isa = PBXGroup;
			children = (
				2804D92B6D68B08436D52AF5 /* Pods_CoronaStatus.framework */,
			);
			name = Frameworks;
			sourceTree = "<group>";
		};
/* End PBXGroup section */

/* Begin PBXNativeTarget section */
		4E02F84026C1EEF5001D1F9D /* CoronaStatus */ = {
			isa = PBXNativeTarget;
			buildConfigurationList = 4E02F85826C1EEF7001D1F9D /* Build configuration list for PBXNativeTarget "CoronaStatus" */;
			buildPhases = (
				8998FFCAC1F81E730D86BC91 /* [CP] Check Pods Manifest.lock */,
				4E02F83D26C1EEF5001D1F9D /* Sources */,
				4E02F83E26C1EEF5001D1F9D /* Frameworks */,
				4E02F83F26C1EEF5001D1F9D /* Resources */,
				D83981BC7E9BABAC6E75178A /* [CP] Embed Pods Frameworks */,
			);
			buildRules = (
			);
			dependencies = (
			);
			name = CoronaStatus;
			productName = CoronaStatus;
			productReference = 4E02F84126C1EEF5001D1F9D /* CoronaStatus.app */;
			productType = "com.apple.product-type.application";
		};
/* End PBXNativeTarget section */

/* Begin PBXProject section */
		4E02F83926C1EEF5001D1F9D /* Project object */ = {
			isa = PBXProject;
			attributes = {
				LastSwiftUpdateCheck = 1130;
				LastUpgradeCheck = 1130;
				ORGANIZATIONNAME = "Juliano Vince De Campos";
				TargetAttributes = {
					4E02F84026C1EEF5001D1F9D = {
						CreatedOnToolsVersion = 11.3.1;
					};
				};
			};
			buildConfigurationList = 4E02F83C26C1EEF5001D1F9D /* Build configuration list for PBXProject "CoronaStatus" */;
			compatibilityVersion = "Xcode 9.3";
			developmentRegion = en;
			hasScannedForEncodings = 0;
			knownRegions = (
				en,
				Base,
			);
			mainGroup = 4E02F83826C1EEF5001D1F9D;
			productRefGroup = 4E02F84226C1EEF5001D1F9D /* Products */;
			projectDirPath = "";
			projectRoot = "";
			targets = (
				4E02F84026C1EEF5001D1F9D /* CoronaStatus */,
			);
		};
/* End PBXProject section */

/* Begin PBXResourcesBuildPhase section */
		4E02F83F26C1EEF5001D1F9D /* Resources */ = {
			isa = PBXResourcesBuildPhase;
			buildActionMask = 2147483647;
			files = (
				4E02F85426C1EEF7001D1F9D /* LaunchScreen.storyboard in Resources */,
				4E02F85126C1EEF7001D1F9D /* Preview Assets.xcassets in Resources */,
				4E02F84E26C1EEF7001D1F9D /* Assets.xcassets in Resources */,
			);
			runOnlyForDeploymentPostprocessing = 0;
		};
/* End PBXResourcesBuildPhase section */

/* Begin PBXShellScriptBuildPhase section */
		8998FFCAC1F81E730D86BC91 /* [CP] Check Pods Manifest.lock */ = {
			isa = PBXShellScriptBuildPhase;
			buildActionMask = 2147483647;
			files = (
			);
			inputFileListPaths = (
			);
			inputPaths = (
				"${PODS_PODFILE_DIR_PATH}/Podfile.lock",
				"${PODS_ROOT}/Manifest.lock",
			);
			name = "[CP] Check Pods Manifest.lock";
			outputFileListPaths = (
			);
			outputPaths = (
				"$(DERIVED_FILE_DIR)/Pods-CoronaStatus-checkManifestLockResult.txt",
			);
			runOnlyForDeploymentPostprocessing = 0;
			shellPath = /bin/sh;
			shellScript = "diff \"${PODS_PODFILE_DIR_PATH}/Podfile.lock\" \"${PODS_ROOT}/Manifest.lock\" > /dev/null\nif [ $? != 0 ] ; then\n    # print error to STDERR\n    echo \"error: The sandbox is not in sync with the Podfile.lock. Run 'pod install' or update your CocoaPods installation.\" >&2\n    exit 1\nfi\n# This output is used by Xcode 'outputs' to avoid re-running this script phase.\necho \"SUCCESS\" > \"${SCRIPT_OUTPUT_FILE_0}\"\n";
			showEnvVarsInLog = 0;
		};
		D83981BC7E9BABAC6E75178A /* [CP] Embed Pods Frameworks */ = {
			isa = PBXShellScriptBuildPhase;
			buildActionMask = 2147483647;
			files = (
			);
			inputFileListPaths = (
				"${PODS_ROOT}/Target Support Files/Pods-CoronaStatus/Pods-CoronaStatus-frameworks-${CONFIGURATION}-input-files.xcfilelist",
			);
			name = "[CP] Embed Pods Frameworks";
			outputFileListPaths = (
				"${PODS_ROOT}/Target Support Files/Pods-CoronaStatus/Pods-CoronaStatus-frameworks-${CONFIGURATION}-output-files.xcfilelist",
			);
			runOnlyForDeploymentPostprocessing = 0;
			shellPath = /bin/sh;
			shellScript = "\"${PODS_ROOT}/Target Support Files/Pods-CoronaStatus/Pods-CoronaStatus-frameworks.sh\"\n";
			showEnvVarsInLog = 0;
		};
/* End PBXShellScriptBuildPhase section */

/* Begin PBXSourcesBuildPhase section */
		4E02F83D26C1EEF5001D1F9D /* Sources */ = {
			isa = PBXSourcesBuildPhase;
			buildActionMask = 2147483647;
			files = (
				4E02F85C26C1F331001D1F9D /* CovidFetchRequest.swift in Sources */,
				4E02F85E26C1F904001D1F9D /* Model.swift in Sources */,
				4E02F84526C1EEF5001D1F9D /* AppDelegate.swift in Sources */,
				4E02F84A26C1EEF5001D1F9D /* CoronaStatus.xcdatamodeld in Sources */,
				4E02F84C26C1EEF5001D1F9D /* ContentView.swift in Sources */,
				4E02F8A626C3131E001D1F9D /* Extension.swift in Sources */,
				4E02F86126C2DB3A001D1F9D /* RecentView.swift in Sources */,
				4E02F84726C1EEF5001D1F9D /* SceneDelegate.swift in Sources */,
				4E02F8A226C2F95F001D1F9D /* ListHeaderView.swift in Sources */,
				4E02F8AA26C31D9A001D1F9D /* TotalDataCard.swift in Sources */,
				4E02F8A426C30E1F001D1F9D /* CountryDataRowView.swift in Sources */,
				4E02F8AC26C32B08001D1F9D /* TotalDataView.swift in Sources */,
			);
			runOnlyForDeploymentPostprocessing = 0;
		};
/* End PBXSourcesBuildPhase section */

/* Begin PBXVariantGroup section */
		4E02F85226C1EEF7001D1F9D /* LaunchScreen.storyboard */ = {
			isa = PBXVariantGroup;
			children = (
				4E02F85326C1EEF7001D1F9D /* Base */,
			);
			name = LaunchScreen.storyboard;
			sourceTree = "<group>";
		};
/* End PBXVariantGroup section */

/* Begin XCBuildConfiguration section */
		4E02F85626C1EEF7001D1F9D /* Debug */ = {
			isa = XCBuildConfiguration;
			buildSettings = {
				ALWAYS_SEARCH_USER_PATHS = NO;
				CLANG_ANALYZER_NONNULL = YES;
				CLANG_ANALYZER_NUMBER_OBJECT_CONVERSION = YES_AGGRESSIVE;
				CLANG_CXX_LANGUAGE_STANDARD = "gnu++14";
				CLANG_CXX_LIBRARY = "libc++";
				CLANG_ENABLE_MODULES = YES;
				CLANG_ENABLE_OBJC_ARC = YES;
				CLANG_ENABLE_OBJC_WEAK = YES;
				CLANG_WARN_BLOCK_CAPTURE_AUTORELEASING = YES;
				CLANG_WARN_BOOL_CONVERSION = YES;
				CLANG_WARN_COMMA = YES;
				CLANG_WARN_CONSTANT_CONVERSION = YES;
				CLANG_WARN_DEPRECATED_OBJC_IMPLEMENTATIONS = YES;
				CLANG_WARN_DIRECT_OBJC_ISA_USAGE = YES_ERROR;
				CLANG_WARN_DOCUMENTATION_COMMENTS = YES;
				CLANG_WARN_EMPTY_BODY = YES;
				CLANG_WARN_ENUM_CONVERSION = YES;
				CLANG_WARN_INFINITE_RECURSION = YES;
				CLANG_WARN_INT_CONVERSION = YES;
				CLANG_WARN_NON_LITERAL_NULL_CONVERSION = YES;
				CLANG_WARN_OBJC_IMPLICIT_RETAIN_SELF = YES;
				CLANG_WARN_OBJC_LITERAL_CONVERSION = YES;
				CLANG_WARN_OBJC_ROOT_CLASS = YES_ERROR;
				CLANG_WARN_RANGE_LOOP_ANALYSIS = YES;
				CLANG_WARN_STRICT_PROTOTYPES = YES;
				CLANG_WARN_SUSPICIOUS_MOVE = YES;
				CLANG_WARN_UNGUARDED_AVAILABILITY = YES_AGGRESSIVE;
				CLANG_WARN_UNREACHABLE_CODE = YES;
				CLANG_WARN__DUPLICATE_METHOD_MATCH = YES;
				COPY_PHASE_STRIP = NO;
				DEBUG_INFORMATION_FORMAT = dwarf;
				ENABLE_STRICT_OBJC_MSGSEND = YES;
				ENABLE_TESTABILITY = YES;
				GCC_C_LANGUAGE_STANDARD = gnu11;
				GCC_DYNAMIC_NO_PIC = NO;
				GCC_NO_COMMON_BLOCKS = YES;
				GCC_OPTIMIZATION_LEVEL = 0;
				GCC_PREPROCESSOR_DEFINITIONS = (
					"DEBUG=1",
					"$(inherited)",
				);
				GCC_WARN_64_TO_32_BIT_CONVERSION = YES;
				GCC_WARN_ABOUT_RETURN_TYPE = YES_ERROR;
				GCC_WARN_UNDECLARED_SELECTOR = YES;
				GCC_WARN_UNINITIALIZED_AUTOS = YES_AGGRESSIVE;
				GCC_WARN_UNUSED_FUNCTION = YES;
				GCC_WARN_UNUSED_VARIABLE = YES;
				IPHONEOS_DEPLOYMENT_TARGET = 13.2;
				MTL_ENABLE_DEBUG_INFO = INCLUDE_SOURCE;
				MTL_FAST_MATH = YES;
				ONLY_ACTIVE_ARCH = YES;
				SDKROOT = iphoneos;
				SWIFT_ACTIVE_COMPILATION_CONDITIONS = DEBUG;
				SWIFT_OPTIMIZATION_LEVEL = "-Onone";
			};
			name = Debug;
		};
		4E02F85726C1EEF7001D1F9D /* Release */ = {
			isa = XCBuildConfiguration;
			buildSettings = {
				ALWAYS_SEARCH_USER_PATHS = NO;
				CLANG_ANALYZER_NONNULL = YES;
				CLANG_ANALYZER_NUMBER_OBJECT_CONVERSION = YES_AGGRESSIVE;
				CLANG_CXX_LANGUAGE_STANDARD = "gnu++14";
				CLANG_CXX_LIBRARY = "libc++";
				CLANG_ENABLE_MODULES = YES;
				CLANG_ENABLE_OBJC_ARC = YES;
				CLANG_ENABLE_OBJC_WEAK = YES;
				CLANG_WARN_BLOCK_CAPTURE_AUTORELEASING = YES;
				CLANG_WARN_BOOL_CONVERSION = YES;
				CLANG_WARN_COMMA = YES;
				CLANG_WARN_CONSTANT_CONVERSION = YES;
				CLANG_WARN_DEPRECATED_OBJC_IMPLEMENTATIONS = YES;
				CLANG_WARN_DIRECT_OBJC_ISA_USAGE = YES_ERROR;
				CLANG_WARN_DOCUMENTATION_COMMENTS = YES;
				CLANG_WARN_EMPTY_BODY = YES;
				CLANG_WARN_ENUM_CONVERSION = YES;
				CLANG_WARN_INFINITE_RECURSION = YES;
				CLANG_WARN_INT_CONVERSION = YES;
				CLANG_WARN_NON_LITERAL_NULL_CONVERSION = YES;
				CLANG_WARN_OBJC_IMPLICIT_RETAIN_SELF = YES;
				CLANG_WARN_OBJC_LITERAL_CONVERSION = YES;
				CLANG_WARN_OBJC_ROOT_CLASS = YES_ERROR;
				CLANG_WARN_RANGE_LOOP_ANALYSIS = YES;
				CLANG_WARN_STRICT_PROTOTYPES = YES;
				CLANG_WARN_SUSPICIOUS_MOVE = YES;
				CLANG_WARN_UNGUARDED_AVAILABILITY = YES_AGGRESSIVE;
				CLANG_WARN_UNREACHABLE_CODE = YES;
				CLANG_WARN__DUPLICATE_METHOD_MATCH = YES;
				COPY_PHASE_STRIP = NO;
				DEBUG_INFORMATION_FORMAT = "dwarf-with-dsym";
				ENABLE_NS_ASSERTIONS = NO;
				ENABLE_STRICT_OBJC_MSGSEND = YES;
				GCC_C_LANGUAGE_STANDARD = gnu11;
				GCC_NO_COMMON_BLOCKS = YES;
				GCC_WARN_64_TO_32_BIT_CONVERSION = YES;
				GCC_WARN_ABOUT_RETURN_TYPE = YES_ERROR;
				GCC_WARN_UNDECLARED_SELECTOR = YES;
				GCC_WARN_UNINITIALIZED_AUTOS = YES_AGGRESSIVE;
				GCC_WARN_UNUSED_FUNCTION = YES;
				GCC_WARN_UNUSED_VARIABLE = YES;
				IPHONEOS_DEPLOYMENT_TARGET = 13.2;
				MTL_ENABLE_DEBUG_INFO = NO;
				MTL_FAST_MATH = YES;
				SDKROOT = iphoneos;
				SWIFT_COMPILATION_MODE = wholemodule;
				SWIFT_OPTIMIZATION_LEVEL = "-O";
				VALIDATE_PRODUCT = YES;
			};
			name = Release;
		};
		4E02F85926C1EEF7001D1F9D /* Debug */ = {
			isa = XCBuildConfiguration;
			baseConfigurationReference = 87B30017BBFB03684AC732C9 /* Pods-CoronaStatus.debug.xcconfig */;
			buildSettings = {
				ASSETCATALOG_COMPILER_APPICON_NAME = AppIcon;
				CODE_SIGN_STYLE = Automatic;
				DEVELOPMENT_ASSET_PATHS = "\"CoronaStatus/Preview Content\"";
				ENABLE_PREVIEWS = YES;
				INFOPLIST_FILE = CoronaStatus/Info.plist;
				LD_RUNPATH_SEARCH_PATHS = (
					"$(inherited)",
					"@executable_path/Frameworks",
				);
				PRODUCT_BUNDLE_IDENTIFIER = br.clean.app.CoronaStatus;
				PRODUCT_NAME = "$(TARGET_NAME)";
				SWIFT_VERSION = 5.0;
				TARGETED_DEVICE_FAMILY = "1,2";
			};
			name = Debug;
		};
		4E02F85A26C1EEF7001D1F9D /* Release */ = {
			isa = XCBuildConfiguration;
			baseConfigurationReference = E0696C5905247EAFF4BFA7BC /* Pods-CoronaStatus.release.xcconfig */;
			buildSettings = {
				ASSETCATALOG_COMPILER_APPICON_NAME = AppIcon;
				CODE_SIGN_STYLE = Automatic;
				DEVELOPMENT_ASSET_PATHS = "\"CoronaStatus/Preview Content\"";
				ENABLE_PREVIEWS = YES;
				INFOPLIST_FILE = CoronaStatus/Info.plist;
				LD_RUNPATH_SEARCH_PATHS = (
					"$(inherited)",
					"@executable_path/Frameworks",
				);
				PRODUCT_BUNDLE_IDENTIFIER = br.clean.app.CoronaStatus;
				PRODUCT_NAME = "$(TARGET_NAME)";
				SWIFT_VERSION = 5.0;
				TARGETED_DEVICE_FAMILY = "1,2";
			};
			name = Release;
		};
/* End XCBuildConfiguration section */

/* Begin XCConfigurationList section */
		4E02F83C26C1EEF5001D1F9D /* Build configuration list for PBXProject "CoronaStatus" */ = {
			isa = XCConfigurationList;
			buildConfigurations = (
				4E02F85626C1EEF7001D1F9D /* Debug */,
				4E02F85726C1EEF7001D1F9D /* Release */,
			);
			defaultConfigurationIsVisible = 0;
			defaultConfigurationName = Release;
		};
		4E02F85826C1EEF7001D1F9D /* Build configuration list for PBXNativeTarget "CoronaStatus" */ = {
			isa = XCConfigurationList;
			buildConfigurations = (
				4E02F85926C1EEF7001D1F9D /* Debug */,
				4E02F85A26C1EEF7001D1F9D /* Release */,
			);
			defaultConfigurationIsVisible = 0;
			defaultConfigurationName = Release;
		};
/* End XCConfigurationList section */

/* Begin XCVersionGroup section */
		4E02F84826C1EEF5001D1F9D /* CoronaStatus.xcdatamodeld */ = {
			isa = XCVersionGroup;
			children = (
				4E02F84926C1EEF5001D1F9D /* CoronaStatus.xcdatamodel */,
			);
			currentVersion = 4E02F84926C1EEF5001D1F9D /* CoronaStatus.xcdatamodel */;
			path = CoronaStatus.xcdatamodeld;
			sourceTree = "<group>";
			versionGroupType = wrapper.xcdatamodel;
		};
/* End XCVersionGroup section */
	};
	rootObject = 4E02F83926C1EEF5001D1F9D /* Project object */;
}
